{
  "version": 3,
  "targets": {
    "net7.0": {
      "Femto/0.16.0": {
        "type": "package"
      }
    },
    "net7.0/any": {
      "Femto/0.16.0": {
        "type": "package",
        "tools": {
          "tools/net6.0/any/Argu.dll": {},
          "tools/net6.0/any/Dotnet.ProjInfo.Helpers.dll": {},
          "tools/net6.0/any/Dotnet.ProjInfo.dll": {},
          "tools/net6.0/any/DotnetToolSettings.xml": {},
          "tools/net6.0/any/FSharp.Compiler.Service.dll": {},
          "tools/net6.0/any/FSharp.Core.dll": {},
          "tools/net6.0/any/Fable.Core.dll": {},
          "tools/net6.0/any/Fake.Core.Context.dll": {},
          "tools/net6.0/any/Fake.Core.Environment.dll": {},
          "tools/net6.0/any/Fake.Core.FakeVar.dll": {},
          "tools/net6.0/any/Fake.Core.Process.dll": {},
          "tools/net6.0/any/Fake.Core.String.dll": {},
          "tools/net6.0/any/Fake.Core.Trace.dll": {},
          "tools/net6.0/any/Fake.IO.FileSystem.dll": {},
          "tools/net6.0/any/Femto.deps.json": {},
          "tools/net6.0/any/Femto.dll": {},
          "tools/net6.0/any/Femto.pdb": {},
          "tools/net6.0/any/Femto.runtimeconfig.json": {},
          "tools/net6.0/any/Newtonsoft.Json.dll": {},
          "tools/net6.0/any/SemVer.dll": {},
          "tools/net6.0/any/Serilog.Sinks.Console.dll": {},
          "tools/net6.0/any/Serilog.dll": {},
          "tools/net6.0/any/System.Configuration.ConfigurationManager.dll": {},
          "tools/net6.0/any/System.Security.Cryptography.ProtectedData.dll": {},
          "tools/net6.0/any/Thoth.Json.Net.dll": {},
          "tools/net6.0/any/cs/FSharp.Core.resources.dll": {},
          "tools/net6.0/any/de/FSharp.Core.resources.dll": {},
          "tools/net6.0/any/es/FSharp.Core.resources.dll": {},
          "tools/net6.0/any/fr/FSharp.Core.resources.dll": {},
          "tools/net6.0/any/it/FSharp.Core.resources.dll": {},
          "tools/net6.0/any/ja/FSharp.Core.resources.dll": {},
          "tools/net6.0/any/ko/FSharp.Core.resources.dll": {},
          "tools/net6.0/any/pl/FSharp.Core.resources.dll": {},
          "tools/net6.0/any/pt-BR/FSharp.Core.resources.dll": {},
          "tools/net6.0/any/ru/FSharp.Core.resources.dll": {},
          "tools/net6.0/any/runtimes/win/lib/netstandard2.0/System.Security.Cryptography.ProtectedData.dll": {},
          "tools/net6.0/any/tr/FSharp.Core.resources.dll": {},
          "tools/net6.0/any/zh-Hans/FSharp.Core.resources.dll": {},
          "tools/net6.0/any/zh-Hant/FSharp.Core.resources.dll": {}
        }
      }
    }
  },
  "libraries": {
    "Femto/0.16.0": {
      "sha512": "b7uKiEqpURuG1mKTRGgzxpkkJ7g//y3ufEw1tnLHQ96zY/zy1bzcqk+EwTDrneN7Gk25nwhmEux1k1UzsQ1HCg==",
      "type": "package",
      "path": "femto/0.16.0",
      "hasTools": true,
      "files": [
        ".nupkg.metadata",
        ".signature.p7s",
        "femto.0.16.0.nupkg.sha512",
        "femto.nuspec",
        "tools/net6.0/any/Argu.dll",
        "tools/net6.0/any/Dotnet.ProjInfo.Helpers.dll",
        "tools/net6.0/any/Dotnet.ProjInfo.dll",
        "tools/net6.0/any/DotnetToolSettings.xml",
        "tools/net6.0/any/FSharp.Compiler.Service.dll",
        "tools/net6.0/any/FSharp.Core.dll",
        "tools/net6.0/any/Fable.Core.dll",
        "tools/net6.0/any/Fake.Core.Context.dll",
        "tools/net6.0/any/Fake.Core.Environment.dll",
        "tools/net6.0/any/Fake.Core.FakeVar.dll",
        "tools/net6.0/any/Fake.Core.Process.dll",
        "tools/net6.0/any/Fake.Core.String.dll",
        "tools/net6.0/any/Fake.Core.Trace.dll",
        "tools/net6.0/any/Fake.IO.FileSystem.dll",
        "tools/net6.0/any/Femto.deps.json",
        "tools/net6.0/any/Femto.dll",
        "tools/net6.0/any/Femto.pdb",
        "tools/net6.0/any/Femto.runtimeconfig.json",
        "tools/net6.0/any/Newtonsoft.Json.dll",
        "tools/net6.0/any/SemVer.dll",
        "tools/net6.0/any/Serilog.Sinks.Console.dll",
        "tools/net6.0/any/Serilog.dll",
        "tools/net6.0/any/System.Configuration.ConfigurationManager.dll",
        "tools/net6.0/any/System.Security.Cryptography.ProtectedData.dll",
        "tools/net6.0/any/Thoth.Json.Net.dll",
        "tools/net6.0/any/cs/FSharp.Core.resources.dll",
        "tools/net6.0/any/de/FSharp.Core.resources.dll",
        "tools/net6.0/any/es/FSharp.Core.resources.dll",
        "tools/net6.0/any/fr/FSharp.Core.resources.dll",
        "tools/net6.0/any/it/FSharp.Core.resources.dll",
        "tools/net6.0/any/ja/FSharp.Core.resources.dll",
        "tools/net6.0/any/ko/FSharp.Core.resources.dll",
        "tools/net6.0/any/pl/FSharp.Core.resources.dll",
        "tools/net6.0/any/pt-BR/FSharp.Core.resources.dll",
        "tools/net6.0/any/ru/FSharp.Core.resources.dll",
        "tools/net6.0/any/runtimes/win/lib/netstandard2.0/System.Security.Cryptography.ProtectedData.dll",
        "tools/net6.0/any/tr/FSharp.Core.resources.dll",
        "tools/net6.0/any/zh-Hans/FSharp.Core.resources.dll",
        "tools/net6.0/any/zh-Hant/FSharp.Core.resources.dll"
      ]
    }
  },
  "projectFileDependencyGroups": {
    "net7.0": [
      "femto >= *"
    ]
  },
  "packageFolders": {
    "/workspaces/learning-fsharp/.store/.stage/o3gdaxis.i2d": {}
  },
  "project": {
    "version": "1.0.0",
    "restore": {
      "projectUniqueName": "/tmp/ccc68b67-0e31-4bbb-90e1-1c675c7f7087/restore.csproj",
      "projectName": "restore",
      "projectPath": "/tmp/ccc68b67-0e31-4bbb-90e1-1c675c7f7087/restore.csproj",
      "packagesPath": "/workspaces/learning-fsharp/.store/.stage/o3gdaxis.i2d",
      "outputPath": "/workspaces/learning-fsharp/.store/.stage/o3gdaxis.i2d/",
      "projectStyle": "DotnetToolReference",
      "configFilePaths": [
        "/root/.nuget/NuGet/NuGet.Config"
      ],
      "originalTargetFrameworks": [
        "net7.0"
      ],
      "sources": {
        "https://api.nuget.org/v3/index.json": {}
      },
      "frameworks": {
        "net7.0": {
          "targetAlias": "net7.0",
          "projectReferences": {}
        }
      },
      "warningProperties": {
        "warnAsError": [
          "NU1605"
        ]
      }
    },
    "frameworks": {
      "net7.0": {
        "targetAlias": "net7.0",
        "dependencies": {
          "femto": {
            "target": "Package",
            "version": "[*, )"
          }
        },
        "imports": [
          "net461",
          "net462",
          "net47",
          "net471",
          "net472",
          "net48",
          "net481"
        ],
        "assetTargetFallback": true,
        "warn": true,
        "runtimeIdentifierGraphPath": "/root/dotnet/sdk/7.0.100/RuntimeIdentifierGraph.json"
      }
    },
    "runtimes": {
      "any": {
        "#import": []
      }
    }
  }
}